
Microsoft Visual Studio Solution File, Format Version 11.00
# Visual Studio 2010 Express for Windows Phone
Project("{FAE04EC0-301F-11D3-BF4B-00C04F79EFBC}") = "WP7SDKDemo", "WP7SDKDemo\WP7SDKDemo.csproj", "{5A379C0F-2BD2-447F-A8AB-402278E6E5D5}"
EndProject
Project("{FAE04EC0-301F-11D3-BF4B-00C04F79EFBC}") = "PlayPhoneMultiNet", "..\PlayPhoneSDKWP7\SDK\PlayPhoneMultiNet\PlayPhoneMultiNet.csproj", "{9D730A86-297E-438E-B629-AF14F6BAF03C}"
EndProject
Global
	GlobalSection(SolutionConfigurationPlatforms) = preSolution
		Debug|Any CPU = Debug|Any CPU
		Release|Any CPU = Release|Any CPU
	EndGlobalSection
	GlobalSection(ProjectConfigurationPlatforms) = postSolution
		{5A379C0F-2BD2-447F-A8AB-402278E6E5D5}.Debug|Any CPU.ActiveCfg = Debug|Any CPU
		{5A379C0F-2BD2-447F-A8AB-402278E6E5D5}.Debug|Any CPU.Build.0 = Debug|Any CPU
		{5A379C0F-2BD2-447F-A8AB-402278E6E5D5}.Debug|Any CPU.Deploy.0 = Debug|Any CPU
		{5A379C0F-2BD2-447F-A8AB-402278E6E5D5}.Release|Any CPU.ActiveCfg = Release|Any CPU
		{5A379C0F-2BD2-447F-A8AB-402278E6E5D5}.Release|Any CPU.Build.0 = Release|Any CPU
		{5A379C0F-2BD2-447F-A8AB-402278E6E5D5}.Release|Any CPU.Deploy.0 = Release|Any CPU
		{9D730A86-297E-438E-B629-AF14F6BAF03C}.Debug|Any CPU.ActiveCfg = Debug|Any CPU
		{9D730A86-297E-438E-B629-AF14F6BAF03C}.Debug|Any CPU.Build.0 = Debug|Any CPU
		{9D730A86-297E-438E-B629-AF14F6BAF03C}.Release|Any CPU.ActiveCfg = Release|Any CPU
		{9D730A86-297E-438E-B629-AF14F6BAF03C}.Release|Any CPU.Build.0 = Release|Any CPU
	EndGlobalSection
	GlobalSection(SolutionProperties) = preSolution
		HideSolutionNode = FALSE
	EndGlobalSection
EndGlobal
